
Microsoft Visual Studio Solution File, Format Version 12.00
# Visual Studio 15
Project("{FAE04EC0-301F-11D3-BF4B-00C04F79EFBC}") = "ibon-poc", "ibon-poc\ibon-poc.csproj", "{22711801-19CC-4A89-83CD-F4F0C729EB79}"
EndProject
Project("{FAE04EC0-301F-11D3-BF4B-00C04F79EFBC}") = "GrpcGreeter", "GrpcGreeter\GrpcGreeter.csproj", "{703E5687-2991-4671-A6CE-C054718C9AB7}"
EndProject
Project("{FAE04EC0-301F-11D3-BF4B-00C04F79EFBC}") = "Order", "Order\Order.csproj", "{8754BD91-6C62-42D6-B72B-3CB188A454B8}"
EndProject
Global
	GlobalSection(SolutionConfigurationPlatforms) = preSolution
		Debug|Any CPU = Debug|Any CPU
		Release|Any CPU = Release|Any CPU
	EndGlobalSection
	GlobalSection(ProjectConfigurationPlatforms) = postSolution
		{22711801-19CC-4A89-83CD-F4F0C729EB79}.Debug|Any CPU.ActiveCfg = Debug|Any CPU
		{22711801-19CC-4A89-83CD-F4F0C729EB79}.Debug|Any CPU.Build.0 = Debug|Any CPU
		{22711801-19CC-4A89-83CD-F4F0C729EB79}.Release|Any CPU.ActiveCfg = Release|Any CPU
		{22711801-19CC-4A89-83CD-F4F0C729EB79}.Release|Any CPU.Build.0 = Release|Any CPU
		{703E5687-2991-4671-A6CE-C054718C9AB7}.Debug|Any CPU.ActiveCfg = Debug|Any CPU
		{703E5687-2991-4671-A6CE-C054718C9AB7}.Debug|Any CPU.Build.0 = Debug|Any CPU
		{703E5687-2991-4671-A6CE-C054718C9AB7}.Release|Any CPU.ActiveCfg = Release|Any CPU
		{703E5687-2991-4671-A6CE-C054718C9AB7}.Release|Any CPU.Build.0 = Release|Any CPU
		{8754BD91-6C62-42D6-B72B-3CB188A454B8}.Debug|Any CPU.ActiveCfg = Debug|Any CPU
		{8754BD91-6C62-42D6-B72B-3CB188A454B8}.Debug|Any CPU.Build.0 = Debug|Any CPU
		{8754BD91-6C62-42D6-B72B-3CB188A454B8}.Release|Any CPU.ActiveCfg = Release|Any CPU
		{8754BD91-6C62-42D6-B72B-3CB188A454B8}.Release|Any CPU.Build.0 = Release|Any CPU
	EndGlobalSection
EndGlobal
